
Microsoft Visual Studio Solution File, Format Version 12.00
# Visual Studio 2015
Project("{FAE04EC0-301F-11D3-BF4B-00C04F79EFBC}") = "PustyV0.2", "PustyV0.2.csproj", "{0861CB3B-7BEC-629F-CA71-BA4473A7EDFA}"
EndProject
Global
	GlobalSection(SolutionConfigurationPlatforms) = preSolution
		Debug|Any CPU = Debug|Any CPU
		Release|Any CPU = Release|Any CPU
	EndGlobalSection
	GlobalSection(ProjectConfigurationPlatforms) = postSolution
		{0861CB3B-7BEC-629F-CA71-BA4473A7EDFA}.Debug|Any CPU.ActiveCfg = Debug|Any CPU
		{0861CB3B-7BEC-629F-CA71-BA4473A7EDFA}.Debug|Any CPU.Build.0 = Debug|Any CPU
		{0861CB3B-7BEC-629F-CA71-BA4473A7EDFA}.Release|Any CPU.ActiveCfg = Release|Any CPU
		{0861CB3B-7BEC-629F-CA71-BA4473A7EDFA}.Release|Any CPU.Build.0 = Release|Any CPU
	EndGlobalSection
	GlobalSection(SolutionProperties) = preSolution
		HideSolutionNode = FALSE
	EndGlobalSection
EndGlobal
